
Microsoft Visual Studio Solution File, Format Version 12.00
# Visual Studio Version 17
VisualStudioVersion = 17.4.33110.190
MinimumVisualStudioVersion = 10.0.40219.1
Project("{9A19103F-16F7-4668-BE54-9A1E7A4F7556}") = "SistemaContas.Presentation", "SistemaContas.Presentation\SistemaContas.Presentation.csproj", "{71C63DB7-3EF8-4165-A1F3-4BC18F7CCCD6}"
EndProject
Project("{9A19103F-16F7-4668-BE54-9A1E7A4F7556}") = "SistemaContas.Data", "SistemaContas.Data\SistemaContas.Data.csproj", "{2E2602B4-796E-4BB6-B806-5033821B628F}"
EndProject
Project("{2150E333-8FDC-42A3-9474-1A3956D46DE8}") = "1 - Presentation Layer", "1 - Presentation Layer", "{742E7AFF-DB85-455D-BB29-8FFEC73AA156}"
EndProject
Project("{2150E333-8FDC-42A3-9474-1A3956D46DE8}") = "2 - Data Access Layer", "2 - Data Access Layer", "{59208E88-C4A9-4473-87CA-EC1F53014564}"
EndProject
Project("{2150E333-8FDC-42A3-9474-1A3956D46DE8}") = "3 - Messages Layer", "3 - Messages Layer", "{2EFD2786-A577-4C36-AD04-807AA0D23944}"
EndProject
Project("{FAE04EC0-301F-11D3-BF4B-00C04F79EFBC}") = "SistemaContas.Messages", "SistemaContas.Messages\SistemaContas.Messages.csproj", "{5125A379-53F3-4CC4-9B98-031E1B90B045}"
EndProject
Global
	GlobalSection(SolutionConfigurationPlatforms) = preSolution
		Debug|Any CPU = Debug|Any CPU
		Release|Any CPU = Release|Any CPU
	EndGlobalSection
	GlobalSection(ProjectConfigurationPlatforms) = postSolution
		{71C63DB7-3EF8-4165-A1F3-4BC18F7CCCD6}.Debug|Any CPU.ActiveCfg = Debug|Any CPU
		{71C63DB7-3EF8-4165-A1F3-4BC18F7CCCD6}.Debug|Any CPU.Build.0 = Debug|Any CPU
		{71C63DB7-3EF8-4165-A1F3-4BC18F7CCCD6}.Release|Any CPU.ActiveCfg = Release|Any CPU
		{71C63DB7-3EF8-4165-A1F3-4BC18F7CCCD6}.Release|Any CPU.Build.0 = Release|Any CPU
		{2E2602B4-796E-4BB6-B806-5033821B628F}.Debug|Any CPU.ActiveCfg = Debug|Any CPU
		{2E2602B4-796E-4BB6-B806-5033821B628F}.Debug|Any CPU.Build.0 = Debug|Any CPU
		{2E2602B4-796E-4BB6-B806-5033821B628F}.Release|Any CPU.ActiveCfg = Release|Any CPU
		{2E2602B4-796E-4BB6-B806-5033821B628F}.Release|Any CPU.Build.0 = Release|Any CPU
		{5125A379-53F3-4CC4-9B98-031E1B90B045}.Debug|Any CPU.ActiveCfg = Debug|Any CPU
		{5125A379-53F3-4CC4-9B98-031E1B90B045}.Debug|Any CPU.Build.0 = Debug|Any CPU
		{5125A379-53F3-4CC4-9B98-031E1B90B045}.Release|Any CPU.ActiveCfg = Release|Any CPU
		{5125A379-53F3-4CC4-9B98-031E1B90B045}.Release|Any CPU.Build.0 = Release|Any CPU
	EndGlobalSection
	GlobalSection(SolutionProperties) = preSolution
		HideSolutionNode = FALSE
	EndGlobalSection
	GlobalSection(NestedProjects) = preSolution
		{71C63DB7-3EF8-4165-A1F3-4BC18F7CCCD6} = {742E7AFF-DB85-455D-BB29-8FFEC73AA156}
		{2E2602B4-796E-4BB6-B806-5033821B628F} = {59208E88-C4A9-4473-87CA-EC1F53014564}
		{5125A379-53F3-4CC4-9B98-031E1B90B045} = {2EFD2786-A577-4C36-AD04-807AA0D23944}
	EndGlobalSection
	GlobalSection(ExtensibilityGlobals) = postSolution
		SolutionGuid = {DC2D27B2-ACA2-405B-AFA5-3BA624D70A80}
	EndGlobalSection
EndGlobal
